
Microsoft Visual Studio Solution File, Format Version 12.00
# Visual Studio Version 16
VisualStudioVersion = 16.0.31205.134
MinimumVisualStudioVersion = 10.0.40219.1
Project("{9A19103F-16F7-4668-BE54-9A1E7A4F7556}") = "EfficieNET", "EfficieNET\EfficieNET.csproj", "{73DDB86E-CA37-4C3F-94E1-69A8EB29573C}"
EndProject
Project("{FAE04EC0-301F-11D3-BF4B-00C04F79EFBC}") = "VRtour.Lib", "VRtour.Lib\VRtour.Lib.csproj", "{36B92C27-34B1-4E73-8BE5-D9754206881C}"
EndProject
Global
	GlobalSection(SolutionConfigurationPlatforms) = preSolution
		Debug|Any CPU = Debug|Any CPU
		Release|Any CPU = Release|Any CPU
	EndGlobalSection
	GlobalSection(ProjectConfigurationPlatforms) = postSolution
		{73DDB86E-CA37-4C3F-94E1-69A8EB29573C}.Debug|Any CPU.ActiveCfg = Debug|Any CPU
		{73DDB86E-CA37-4C3F-94E1-69A8EB29573C}.Debug|Any CPU.Build.0 = Debug|Any CPU
		{73DDB86E-CA37-4C3F-94E1-69A8EB29573C}.Release|Any CPU.ActiveCfg = Release|Any CPU
		{73DDB86E-CA37-4C3F-94E1-69A8EB29573C}.Release|Any CPU.Build.0 = Release|Any CPU
		{36B92C27-34B1-4E73-8BE5-D9754206881C}.Debug|Any CPU.ActiveCfg = Debug|Any CPU
		{36B92C27-34B1-4E73-8BE5-D9754206881C}.Debug|Any CPU.Build.0 = Debug|Any CPU
		{36B92C27-34B1-4E73-8BE5-D9754206881C}.Release|Any CPU.ActiveCfg = Release|Any CPU
		{36B92C27-34B1-4E73-8BE5-D9754206881C}.Release|Any CPU.Build.0 = Release|Any CPU
	EndGlobalSection
	GlobalSection(SolutionProperties) = preSolution
		HideSolutionNode = FALSE
	EndGlobalSection
	GlobalSection(ExtensibilityGlobals) = postSolution
		SolutionGuid = {DEE7D266-47E8-4A4A-9549-20720FD4FCDE}
	EndGlobalSection
EndGlobal
